
Microsoft Visual Studio Solution File, Format Version 12.00
# Visual Studio Version 17
VisualStudioVersion = 17.14.36119.2 d17.14
MinimumVisualStudioVersion = 10.0.40219.1
Project("{FAE04EC0-301F-11D3-BF4B-00C04F79EFBC}") = "EX1", "EX1\EX1.csproj", "{BF1F36A9-F8B5-4FEE-96E4-CCB39658A615}"
EndProject
Project("{FAE04EC0-301F-11D3-BF4B-00C04F79EFBC}") = "EX2", "EX2\EX2.csproj", "{BE26E1F3-0EFA-4FED-9F5A-F47413712D67}"
EndProject
Global
	GlobalSection(SolutionConfigurationPlatforms) = preSolution
		Debug|Any CPU = Debug|Any CPU
		Release|Any CPU = Release|Any CPU
	EndGlobalSection
	GlobalSection(ProjectConfigurationPlatforms) = postSolution
		{BF1F36A9-F8B5-4FEE-96E4-CCB39658A615}.Debug|Any CPU.ActiveCfg = Debug|Any CPU
		{BF1F36A9-F8B5-4FEE-96E4-CCB39658A615}.Debug|Any CPU.Build.0 = Debug|Any CPU
		{BF1F36A9-F8B5-4FEE-96E4-CCB39658A615}.Release|Any CPU.ActiveCfg = Release|Any CPU
		{BF1F36A9-F8B5-4FEE-96E4-CCB39658A615}.Release|Any CPU.Build.0 = Release|Any CPU
		{BE26E1F3-0EFA-4FED-9F5A-F47413712D67}.Debug|Any CPU.ActiveCfg = Debug|Any CPU
		{BE26E1F3-0EFA-4FED-9F5A-F47413712D67}.Debug|Any CPU.Build.0 = Debug|Any CPU
		{BE26E1F3-0EFA-4FED-9F5A-F47413712D67}.Release|Any CPU.ActiveCfg = Release|Any CPU
		{BE26E1F3-0EFA-4FED-9F5A-F47413712D67}.Release|Any CPU.Build.0 = Release|Any CPU
	EndGlobalSection
	GlobalSection(SolutionProperties) = preSolution
		HideSolutionNode = FALSE
	EndGlobalSection
	GlobalSection(ExtensibilityGlobals) = postSolution
		SolutionGuid = {00E3CC42-FBDE-43EE-A0CE-07B4A4D90697}
	EndGlobalSection
EndGlobal
