
Microsoft Visual Studio Solution File, Format Version 12.00
# Visual Studio Version 17
VisualStudioVersion = 17.14.36109.1 d17.14
MinimumVisualStudioVersion = 10.0.40219.1
Project("{FAE04EC0-301F-11D3-BF4B-00C04F79EFBC}") = "EX1", "EX1\EX1.csproj", "{5F2CBFCB-0DF0-4AAD-AE42-AAB20248DC59}"
EndProject
Project("{FAE04EC0-301F-11D3-BF4B-00C04F79EFBC}") = "EX2", "EX2\EX2.csproj", "{90D71826-7363-4DFD-B099-19A6F908DE40}"
EndProject
Project("{FAE04EC0-301F-11D3-BF4B-00C04F79EFBC}") = "EX3", "EX3\EX3.csproj", "{EC109438-E153-47B6-931E-DDE0A656A8D5}"
EndProject
Global
	GlobalSection(SolutionConfigurationPlatforms) = preSolution
		Debug|Any CPU = Debug|Any CPU
		Release|Any CPU = Release|Any CPU
	EndGlobalSection
	GlobalSection(ProjectConfigurationPlatforms) = postSolution
		{5F2CBFCB-0DF0-4AAD-AE42-AAB20248DC59}.Debug|Any CPU.ActiveCfg = Debug|Any CPU
		{5F2CBFCB-0DF0-4AAD-AE42-AAB20248DC59}.Debug|Any CPU.Build.0 = Debug|Any CPU
		{5F2CBFCB-0DF0-4AAD-AE42-AAB20248DC59}.Release|Any CPU.ActiveCfg = Release|Any CPU
		{5F2CBFCB-0DF0-4AAD-AE42-AAB20248DC59}.Release|Any CPU.Build.0 = Release|Any CPU
		{90D71826-7363-4DFD-B099-19A6F908DE40}.Debug|Any CPU.ActiveCfg = Debug|Any CPU
		{90D71826-7363-4DFD-B099-19A6F908DE40}.Debug|Any CPU.Build.0 = Debug|Any CPU
		{90D71826-7363-4DFD-B099-19A6F908DE40}.Release|Any CPU.ActiveCfg = Release|Any CPU
		{90D71826-7363-4DFD-B099-19A6F908DE40}.Release|Any CPU.Build.0 = Release|Any CPU
		{EC109438-E153-47B6-931E-DDE0A656A8D5}.Debug|Any CPU.ActiveCfg = Debug|Any CPU
		{EC109438-E153-47B6-931E-DDE0A656A8D5}.Debug|Any CPU.Build.0 = Debug|Any CPU
		{EC109438-E153-47B6-931E-DDE0A656A8D5}.Release|Any CPU.ActiveCfg = Release|Any CPU
		{EC109438-E153-47B6-931E-DDE0A656A8D5}.Release|Any CPU.Build.0 = Release|Any CPU
	EndGlobalSection
	GlobalSection(SolutionProperties) = preSolution
		HideSolutionNode = FALSE
	EndGlobalSection
	GlobalSection(ExtensibilityGlobals) = postSolution
		SolutionGuid = {EFE148E4-A16A-4A4C-86C8-2D62B6380AF5}
	EndGlobalSection
EndGlobal
